
Microsoft Visual Studio Solution File, Format Version 12.00
# Visual Studio Version 16
VisualStudioVersion = 16.0.31321.278
MinimumVisualStudioVersion = 10.0.40219.1
Project("{FAE04EC0-301F-11D3-BF4B-00C04F79EFBC}") = "magicmimetest", "magicmimetest\magicmimetest.csproj", "{18C73345-D935-4C58-97AA-6EE5BFB69A47}"
EndProject
Global
	GlobalSection(SolutionConfigurationPlatforms) = preSolution
		Debug|Any CPU = Debug|Any CPU
		Release|Any CPU = Release|Any CPU
	EndGlobalSection
	GlobalSection(ProjectConfigurationPlatforms) = postSolution
		{18C73345-D935-4C58-97AA-6EE5BFB69A47}.Debug|Any CPU.ActiveCfg = Debug|Any CPU
		{18C73345-D935-4C58-97AA-6EE5BFB69A47}.Debug|Any CPU.Build.0 = Debug|Any CPU
		{18C73345-D935-4C58-97AA-6EE5BFB69A47}.Release|Any CPU.ActiveCfg = Release|Any CPU
		{18C73345-D935-4C58-97AA-6EE5BFB69A47}.Release|Any CPU.Build.0 = Release|Any CPU
	EndGlobalSection
	GlobalSection(SolutionProperties) = preSolution
		HideSolutionNode = FALSE
	EndGlobalSection
	GlobalSection(ExtensibilityGlobals) = postSolution
		SolutionGuid = {0E37013F-EE94-48A5-86E3-F10D7AE103BC}
	EndGlobalSection
EndGlobal
